// !$*UTF8*$!
{
	archiveVersion = 1;
	classes = {
	};
	objectVersion = 56;
	objects = {

/* Begin PBXBuildFile section */
		7FB4428E2C0F008400D5C000 /* ShootingApp.swift in Sources */ = {isa = PBXBuildFile; fileRef = 7FB4428D2C0F008400D5C000 /* ShootingApp.swift */; };
		7FB442902C0F008400D5C000 /* ContentView.swift in Sources */ = {isa = PBXBuildFile; fileRef = 7FB4428F2C0F008400D5C000 /* ContentView.swift */; };
		7FB442922C0F008D00D5C000 /* Assets.xcassets in Resources */ = {isa = PBXBuildFile; fileRef = 7FB442912C0F008D00D5C000 /* Assets.xcassets */; };
		7FB442952C0F008D00D5C000 /* Preview Assets.xcassets in Resources */ = {isa = PBXBuildFile; fileRef = 7FB442942C0F008D00D5C000 /* Preview Assets.xcassets */; };
		7FB4429C2C0F014300D5C000 /* GameScene.swift in Sources */ = {isa = PBXBuildFile; fileRef = 7FB4429B2C0F014300D5C000 /* GameScene.swift */; };
		7FD2A8C62C10118200D0A320 /* TitleScene.swift in Sources */ = {isa = PBXBuildFile; fileRef = 7FD2A8C52C10118200D0A320 /* TitleScene.swift */; };
		7FD2A8C82C10382000D0A320 /* GameOverScene.swift in Sources */ = {isa = PBXBuildFile; fileRef = 7FD2A8C72C10382000D0A320 /* GameOverScene.swift */; };
		7FD2A8CA2C11409400D0A320 /* GameBase.swift in Sources */ = {isa = PBXBuildFile; fileRef = 7FD2A8C92C11409400D0A320 /* GameBase.swift */; };
		7FD2A91A2C12D20600D0A320 /* BossScene.swift in Sources */ = {isa = PBXBuildFile; fileRef = 7FD2A9192C12D20600D0A320 /* BossScene.swift */; };
/* End PBXBuildFile section */

/* Begin PBXFileReference section */
		7FB4428A2C0F008400D5C000 /* Shooting.app */ = {isa = PBXFileReference; explicitFileType = wrapper.application; includeInIndex = 0; path = Shooting.app; sourceTree = BUILT_PRODUCTS_DIR; };
		7FB4428D2C0F008400D5C000 /* ShootingApp.swift */ = {isa = PBXFileReference; lastKnownFileType = sourcecode.swift; path = ShootingApp.swift; sourceTree = "<group>"; };
		7FB4428F2C0F008400D5C000 /* ContentView.swift */ = {isa = PBXFileReference; lastKnownFileType = sourcecode.swift; path = ContentView.swift; sourceTree = "<group>"; };
		7FB442912C0F008D00D5C000 /* Assets.xcassets */ = {isa = PBXFileReference; lastKnownFileType = folder.assetcatalog; path = Assets.xcassets; sourceTree = "<group>"; };
		7FB442942C0F008D00D5C000 /* Preview Assets.xcassets */ = {isa = PBXFileReference; lastKnownFileType = folder.assetcatalog; path = "Preview Assets.xcassets"; sourceTree = "<group>"; };
		7FB4429B2C0F014300D5C000 /* GameScene.swift */ = {isa = PBXFileReference; lastKnownFileType = sourcecode.swift; path = GameScene.swift; sourceTree = "<group>"; };
		7FD2A8C52C10118200D0A320 /* TitleScene.swift */ = {isa = PBXFileReference; lastKnownFileType = sourcecode.swift; path = TitleScene.swift; sourceTree = "<group>"; };
		7FD2A8C72C10382000D0A320 /* GameOverScene.swift */ = {isa = PBXFileReference; lastKnownFileType = sourcecode.swift; path = GameOverScene.swift; sourceTree = "<group>"; };
		7FD2A8C92C11409400D0A320 /* GameBase.swift */ = {isa = PBXFileReference; lastKnownFileType = sourcecode.swift; path = GameBase.swift; sourceTree = "<group>"; };
		7FD2A9192C12D20600D0A320 /* BossScene.swift */ = {isa = PBXFileReference; lastKnownFileType = sourcecode.swift; path = BossScene.swift; sourceTree = "<group>"; };
/* End PBXFileReference section */

/* Begin PBXFrameworksBuildPhase section */
		7FB442872C0F008400D5C000 /* Frameworks */ = {
			isa = PBXFrameworksBuildPhase;
			buildActionMask = 2147483647;
			files = (
			);
			runOnlyForDeploymentPostprocessing = 0;
		};
/* End PBXFrameworksBuildPhase section */

/* Begin PBXGroup section */
		7FB442812C0F008300D5C000 = {
			isa = PBXGroup;
			children = (
				7FB4428C2C0F008400D5C000 /* Shooting */,
				7FB4428B2C0F008400D5C000 /* Products */,
			);
			sourceTree = "<group>";
		};
		7FB4428B2C0F008400D5C000 /* Products */ = {
			isa = PBXGroup;
			children = (
				7FB4428A2C0F008400D5C000 /* Shooting.app */,
			);
			name = Products;
			sourceTree = "<group>";
		};
		7FB4428C2C0F008400D5C000 /* Shooting */ = {
			isa = PBXGroup;
			children = (
				7FB4428D2C0F008400D5C000 /* ShootingApp.swift */,
				7FB4428F2C0F008400D5C000 /* ContentView.swift */,
				7FD2A8C52C10118200D0A320 /* TitleScene.swift */,
				7FB4429B2C0F014300D5C000 /* GameScene.swift */,
				7FD2A8C92C11409400D0A320 /* GameBase.swift */,
				7FD2A9192C12D20600D0A320 /* BossScene.swift */,
				7FD2A8C72C10382000D0A320 /* GameOverScene.swift */,
				7FB442912C0F008D00D5C000 /* Assets.xcassets */,
				7FB442932C0F008D00D5C000 /* Preview Content */,
			);
			path = Shooting;
			sourceTree = "<group>";
		};
		7FB442932C0F008D00D5C000 /* Preview Content */ = {
			isa = PBXGroup;
			children = (
				7FB442942C0F008D00D5C000 /* Preview Assets.xcassets */,
			);
			path = "Preview Content";
			sourceTree = "<group>";
		};
/* End PBXGroup section */

/* Begin PBXNativeTarget section */
		7FB442892C0F008400D5C000 /* Shooting */ = {
			isa = PBXNativeTarget;
			buildConfigurationList = 7FB442982C0F008D00D5C000 /* Build configuration list for PBXNativeTarget "Shooting" */;
			buildPhases = (
				7FB442862C0F008400D5C000 /* Sources */,
				7FB442872C0F008400D5C000 /* Frameworks */,
				7FB442882C0F008400D5C000 /* Resources */,
			);
			buildRules = (
			);
			dependencies = (
			);
			name = Shooting;
			productName = Shooting;
			productReference = 7FB4428A2C0F008400D5C000 /* Shooting.app */;
			productType = "com.apple.product-type.application";
		};
/* End PBXNativeTarget section */

/* Begin PBXProject section */
		7FB442822C0F008300D5C000 /* Project object */ = {
			isa = PBXProject;
			attributes = {
				BuildIndependentTargetsInParallel = 1;
				LastSwiftUpdateCheck = 1530;
				LastUpgradeCheck = 1530;
				TargetAttributes = {
					7FB442892C0F008400D5C000 = {
						CreatedOnToolsVersion = 15.3;
					};
				};
			};
			buildConfigurationList = 7FB442852C0F008300D5C000 /* Build configuration list for PBXProject "Shooting" */;
			compatibilityVersion = "Xcode 14.0";
			developmentRegion = en;
			hasScannedForEncodings = 0;
			knownRegions = (
				en,
				Base,
			);
			mainGroup = 7FB442812C0F008300D5C000;
			productRefGroup = 7FB4428B2C0F008400D5C000 /* Products */;
			projectDirPath = "";
			projectRoot = "";
			targets = (
				7FB442892C0F008400D5C000 /* Shooting */,
			);
		};
/* End PBXProject section */

/* Begin PBXResourcesBuildPhase section */
		7FB442882C0F008400D5C000 /* Resources */ = {
			isa = PBXResourcesBuildPhase;
			buildActionMask = 2147483647;
			files = (
				7FB442952C0F008D00D5C000 /* Preview Assets.xcassets in Resources */,
				7FB442922C0F008D00D5C000 /* Assets.xcassets in Resources */,
			);
			runOnlyForDeploymentPostprocessing = 0;
		};
/* End PBXResourcesBuildPhase section */

/* Begin PBXSourcesBuildPhase section */
		7FB442862C0F008400D5C000 /* Sources */ = {
			isa = PBXSourcesBuildPhase;
			buildActionMask = 2147483647;
			files = (
				7FD2A8CA2C11409400D0A320 /* GameBase.swift in Sources */,
				7FB4429C2C0F014300D5C000 /* GameScene.swift in Sources */,
				7FB442902C0F008400D5C000 /* ContentView.swift in Sources */,
				7FB4428E2C0F008400D5C000 /* ShootingApp.swift in Sources */,
				7FD2A8C82C10382000D0A320 /* GameOverScene.swift in Sources */,
				7FD2A8C62C10118200D0A320 /* TitleScene.swift in Sources */,
				7FD2A91A2C12D20600D0A320 /* BossScene.swift in Sources */,
			);
			runOnlyForDeploymentPostprocessing = 0;
		};
/* End PBXSourcesBuildPhase section */

/* Begin XCBuildConfiguration section */
		7FB442962C0F008D00D5C000 /* Debug */ = {
			isa = XCBuildConfiguration;
			buildSettings = {
				ALWAYS_SEARCH_USER_PATHS = NO;
				ASSETCATALOG_COMPILER_GENERATE_SWIFT_ASSET_SYMBOL_EXTENSIONS = YES;
				CLANG_ANALYZER_NONNULL = YES;
				CLANG_ANALYZER_NUMBER_OBJECT_CONVERSION = YES_AGGRESSIVE;
				CLANG_CXX_LANGUAGE_STANDARD = "gnu++20";
				CLANG_ENABLE_MODULES = YES;
				CLANG_ENABLE_OBJC_ARC = YES;
				CLANG_ENABLE_OBJC_WEAK = YES;
				CLANG_WARN_BLOCK_CAPTURE_AUTORELEASING = YES;
				CLANG_WARN_BOOL_CONVERSION = YES;
				CLANG_WARN_COMMA = YES;
				CLANG_WARN_CONSTANT_CONVERSION = YES;
				CLANG_WARN_DEPRECATED_OBJC_IMPLEMENTATIONS = YES;
				CLANG_WARN_DIRECT_OBJC_ISA_USAGE = YES_ERROR;
				CLANG_WARN_DOCUMENTATION_COMMENTS = YES;
				CLANG_WARN_EMPTY_BODY = YES;
				CLANG_WARN_ENUM_CONVERSION = YES;
				CLANG_WARN_INFINITE_RECURSION = YES;
				CLANG_WARN_INT_CONVERSION = YES;
				CLANG_WARN_NON_LITERAL_NULL_CONVERSION = YES;
				CLANG_WARN_OBJC_IMPLICIT_RETAIN_SELF = YES;
				CLANG_WARN_OBJC_LITERAL_CONVERSION = YES;
				CLANG_WARN_OBJC_ROOT_CLASS = YES_ERROR;
				CLANG_WARN_QUOTED_INCLUDE_IN_FRAMEWORK_HEADER = YES;
				CLANG_WARN_RANGE_LOOP_ANALYSIS = YES;
				CLANG_WARN_STRICT_PROTOTYPES = YES;
				CLANG_WARN_SUSPICIOUS_MOVE = YES;
				CLANG_WARN_UNGUARDED_AVAILABILITY = YES_AGGRESSIVE;
				CLANG_WARN_UNREACHABLE_CODE = YES;
				CLANG_WARN__DUPLICATE_METHOD_MATCH = YES;
				COPY_PHASE_STRIP = NO;
				DEBUG_INFORMATION_FORMAT = dwarf;
				ENABLE_STRICT_OBJC_MSGSEND = YES;
				ENABLE_TESTABILITY = YES;
				ENABLE_USER_SCRIPT_SANDBOXING = YES;
				GCC_C_LANGUAGE_STANDARD = gnu17;
				GCC_DYNAMIC_NO_PIC = NO;
				GCC_NO_COMMON_BLOCKS = YES;
				GCC_OPTIMIZATION_LEVEL = 0;
				GCC_PREPROCESSOR_DEFINITIONS = (
					"DEBUG=1",
					"$(inherited)",
				);
				GCC_WARN_64_TO_32_BIT_CONVERSION = YES;
				GCC_WARN_ABOUT_RETURN_TYPE = YES_ERROR;
				GCC_WARN_UNDECLARED_SELECTOR = YES;
				GCC_WARN_UNINITIALIZED_AUTOS = YES_AGGRESSIVE;
				GCC_WARN_UNUSED_FUNCTION = YES;
				GCC_WARN_UNUSED_VARIABLE = YES;
				IPHONEOS_DEPLOYMENT_TARGET = 17.0;
				LOCALIZATION_PREFERS_STRING_CATALOGS = YES;
				MTL_ENABLE_DEBUG_INFO = INCLUDE_SOURCE;
				MTL_FAST_MATH = YES;
				ONLY_ACTIVE_ARCH = YES;
				SDKROOT = iphoneos;
				SWIFT_ACTIVE_COMPILATION_CONDITIONS = "DEBUG $(inherited)";
				SWIFT_OPTIMIZATION_LEVEL = "-Onone";
			};
			name = Debug;
		};
		7FB442972C0F008D00D5C000 /* Release */ = {
			isa = XCBuildConfiguration;
			buildSettings = {
				ALWAYS_SEARCH_USER_PATHS = NO;
				ASSETCATALOG_COMPILER_GENERATE_SWIFT_ASSET_SYMBOL_EXTENSIONS = YES;
				CLANG_ANALYZER_NONNULL = YES;
				CLANG_ANALYZER_NUMBER_OBJECT_CONVERSION = YES_AGGRESSIVE;
				CLANG_CXX_LANGUAGE_STANDARD = "gnu++20";
				CLANG_ENABLE_MODULES = YES;
				CLANG_ENABLE_OBJC_ARC = YES;
				CLANG_ENABLE_OBJC_WEAK = YES;
				CLANG_WARN_BLOCK_CAPTURE_AUTORELEASING = YES;
				CLANG_WARN_BOOL_CONVERSION = YES;
				CLANG_WARN_COMMA = YES;
				CLANG_WARN_CONSTANT_CONVERSION = YES;
				CLANG_WARN_DEPRECATED_OBJC_IMPLEMENTATIONS = YES;
				CLANG_WARN_DIRECT_OBJC_ISA_USAGE = YES_ERROR;
				CLANG_WARN_DOCUMENTATION_COMMENTS = YES;
				CLANG_WARN_EMPTY_BODY = YES;
				CLANG_WARN_ENUM_CONVERSION = YES;
				CLANG_WARN_INFINITE_RECURSION = YES;
				CLANG_WARN_INT_CONVERSION = YES;
				CLANG_WARN_NON_LITERAL_NULL_CONVERSION = YES;
				CLANG_WARN_OBJC_IMPLICIT_RETAIN_SELF = YES;
				CLANG_WARN_OBJC_LITERAL_CONVERSION = YES;
				CLANG_WARN_OBJC_ROOT_CLASS = YES_ERROR;
				CLANG_WARN_QUOTED_INCLUDE_IN_FRAMEWORK_HEADER = YES;
				CLANG_WARN_RANGE_LOOP_ANALYSIS = YES;
				CLANG_WARN_STRICT_PROTOTYPES = YES;
				CLANG_WARN_SUSPICIOUS_MOVE = YES;
				CLANG_WARN_UNGUARDED_AVAILABILITY = YES_AGGRESSIVE;
				CLANG_WARN_UNREACHABLE_CODE = YES;
				CLANG_WARN__DUPLICATE_METHOD_MATCH = YES;
				COPY_PHASE_STRIP = NO;
				DEBUG_INFORMATION_FORMAT = "dwarf-with-dsym";
				ENABLE_NS_ASSERTIONS = NO;
				ENABLE_STRICT_OBJC_MSGSEND = YES;
				ENABLE_USER_SCRIPT_SANDBOXING = YES;
				GCC_C_LANGUAGE_STANDARD = gnu17;
				GCC_NO_COMMON_BLOCKS = YES;
				GCC_WARN_64_TO_32_BIT_CONVERSION = YES;
				GCC_WARN_ABOUT_RETURN_TYPE = YES_ERROR;
				GCC_WARN_UNDECLARED_SELECTOR = YES;
				GCC_WARN_UNINITIALIZED_AUTOS = YES_AGGRESSIVE;
				GCC_WARN_UNUSED_FUNCTION = YES;
				GCC_WARN_UNUSED_VARIABLE = YES;
				IPHONEOS_DEPLOYMENT_TARGET = 17.0;
				LOCALIZATION_PREFERS_STRING_CATALOGS = YES;
				MTL_ENABLE_DEBUG_INFO = NO;
				MTL_FAST_MATH = YES;
				SDKROOT = iphoneos;
				SWIFT_COMPILATION_MODE = wholemodule;
				VALIDATE_PRODUCT = YES;
			};
			name = Release;
		};
		7FB442992C0F008D00D5C000 /* Debug */ = {
			isa = XCBuildConfiguration;
			buildSettings = {
				ASSETCATALOG_COMPILER_APPICON_NAME = AppIcon;
				ASSETCATALOG_COMPILER_GLOBAL_ACCENT_COLOR_NAME = AccentColor;
				CODE_SIGN_STYLE = Automatic;
				CURRENT_PROJECT_VERSION = 1;
				DEVELOPMENT_ASSET_PATHS = "\"Shooting/Preview Content\"";
				DEVELOPMENT_TEAM = GMQ738Q64K;
				ENABLE_PREVIEWS = YES;
				GENERATE_INFOPLIST_FILE = YES;
				INFOPLIST_KEY_UIApplicationSceneManifest_Generation = YES;
				INFOPLIST_KEY_UIApplicationSupportsIndirectInputEvents = YES;
				INFOPLIST_KEY_UILaunchScreen_Generation = YES;
				INFOPLIST_KEY_UISupportedInterfaceOrientations_iPad = "UIInterfaceOrientationPortrait UIInterfaceOrientationPortraitUpsideDown UIInterfaceOrientationLandscapeLeft UIInterfaceOrientationLandscapeRight";
				INFOPLIST_KEY_UISupportedInterfaceOrientations_iPhone = "UIInterfaceOrientationPortrait UIInterfaceOrientationLandscapeLeft UIInterfaceOrientationLandscapeRight";
				IPHONEOS_DEPLOYMENT_TARGET = 17.0;
				LD_RUNPATH_SEARCH_PATHS = (
					"$(inherited)",
					"@executable_path/Frameworks",
				);
				MARKETING_VERSION = 1.0;
				PRODUCT_BUNDLE_IDENTIFIER = jp.ac.jec.cm0102.Shooting;
				PRODUCT_NAME = "$(TARGET_NAME)";
				SWIFT_EMIT_LOC_STRINGS = YES;
				SWIFT_VERSION = 5.0;
				TARGETED_DEVICE_FAMILY = "1,2";
			};
			name = Debug;
		};
		7FB4429A2C0F008D00D5C000 /* Release */ = {
			isa = XCBuildConfiguration;
			buildSettings = {
				ASSETCATALOG_COMPILER_APPICON_NAME = AppIcon;
				ASSETCATALOG_COMPILER_GLOBAL_ACCENT_COLOR_NAME = AccentColor;
				CODE_SIGN_STYLE = Automatic;
				CURRENT_PROJECT_VERSION = 1;
				DEVELOPMENT_ASSET_PATHS = "\"Shooting/Preview Content\"";
				DEVELOPMENT_TEAM = GMQ738Q64K;
				ENABLE_PREVIEWS = YES;
				GENERATE_INFOPLIST_FILE = YES;
				INFOPLIST_KEY_UIApplicationSceneManifest_Generation = YES;
				INFOPLIST_KEY_UIApplicationSupportsIndirectInputEvents = YES;
				INFOPLIST_KEY_UILaunchScreen_Generation = YES;
				INFOPLIST_KEY_UISupportedInterfaceOrientations_iPad = "UIInterfaceOrientationPortrait UIInterfaceOrientationPortraitUpsideDown UIInterfaceOrientationLandscapeLeft UIInterfaceOrientationLandscapeRight";
				INFOPLIST_KEY_UISupportedInterfaceOrientations_iPhone = "UIInterfaceOrientationPortrait UIInterfaceOrientationLandscapeLeft UIInterfaceOrientationLandscapeRight";
				IPHONEOS_DEPLOYMENT_TARGET = 17.0;
				LD_RUNPATH_SEARCH_PATHS = (
					"$(inherited)",
					"@executable_path/Frameworks",
				);
				MARKETING_VERSION = 1.0;
				PRODUCT_BUNDLE_IDENTIFIER = jp.ac.jec.cm0102.Shooting;
				PRODUCT_NAME = "$(TARGET_NAME)";
				SWIFT_EMIT_LOC_STRINGS = YES;
				SWIFT_VERSION = 5.0;
				TARGETED_DEVICE_FAMILY = "1,2";
			};
			name = Release;
		};
/* End XCBuildConfiguration section */

/* Begin XCConfigurationList section */
		7FB442852C0F008300D5C000 /* Build configuration list for PBXProject "Shooting" */ = {
			isa = XCConfigurationList;
			buildConfigurations = (
				7FB442962C0F008D00D5C000 /* Debug */,
				7FB442972C0F008D00D5C000 /* Release */,
			);
			defaultConfigurationIsVisible = 0;
			defaultConfigurationName = Release;
		};
		7FB442982C0F008D00D5C000 /* Build configuration list for PBXNativeTarget "Shooting" */ = {
			isa = XCConfigurationList;
			buildConfigurations = (
				7FB442992C0F008D00D5C000 /* Debug */,
				7FB4429A2C0F008D00D5C000 /* Release */,
			);
			defaultConfigurationIsVisible = 0;
			defaultConfigurationName = Release;
		};
/* End XCConfigurationList section */
	};
	rootObject = 7FB442822C0F008300D5C000 /* Project object */;
}
